
Microsoft Visual Studio Solution File, Format Version 12.00
# Visual Studio Version 17
VisualStudioVersion = 17.8.34408.163
MinimumVisualStudioVersion = 10.0.40219.1
Project("{2150E333-8FDC-42A3-9474-1A3956D46DE8}") = "src", "src", "{D2E3E1CD-EA0C-4054-8446-2489700A870F}"
EndProject
Project("{9A19103F-16F7-4668-BE54-9A1E7A4F7556}") = "Patient.Api", "PatientApi\Patient.Api.csproj", "{545C468F-1F7D-496F-A82D-B4E5575707E0}"
EndProject
Project("{9A19103F-16F7-4668-BE54-9A1E7A4F7556}") = "RepositoryLibrary", "RepositoryLibrary\RepositoryLibrary.csproj", "{015EFC26-3774-42B4-9F9C-B92D503EB378}"
EndProject
Project("{FAE04EC0-301F-11D3-BF4B-00C04F79EFBC}") = "AppointmentApi", "AppointmentApi\AppointmentApi.csproj", "{C034621B-F962-4ED8-91A9-22A521B23CF8}"
EndProject
Project("{2150E333-8FDC-42A3-9474-1A3956D46DE8}") = "Shared", "Shared", "{115D7BE7-7ADF-4298-AC2F-C3A6BF2852C2}"
EndProject
Project("{2150E333-8FDC-42A3-9474-1A3956D46DE8}") = "ApiGateways", "ApiGateways", "{A3BF39A0-2FB2-4158-9F96-239BF2E2E624}"
EndProject
Project("{2150E333-8FDC-42A3-9474-1A3956D46DE8}") = "Services", "Services", "{0D7C9B55-F8D9-4B7E-9A65-58F6870DA4A7}"
EndProject
Project("{2150E333-8FDC-42A3-9474-1A3956D46DE8}") = "Patient", "Patient", "{333D7E8E-646E-43B9-8599-6C1DF3D762A2}"
EndProject
Project("{2150E333-8FDC-42A3-9474-1A3956D46DE8}") = "Appointment", "Appointment", "{3CFB2547-8802-4164-BA4A-76238F534C91}"
EndProject
Project("{FAE04EC0-301F-11D3-BF4B-00C04F79EFBC}") = "Patient.Domain", "Patient.Domain\Patient.Domain.csproj", "{AF3832CD-A698-4795-AC3A-7280EEBD7E96}"
EndProject
Project("{FAE04EC0-301F-11D3-BF4B-00C04F79EFBC}") = "Patient.Application", "Patient.Application\Patient.Application.csproj", "{304307B5-C09F-461E-B7AA-069F7AD46AC7}"
EndProject
Project("{FAE04EC0-301F-11D3-BF4B-00C04F79EFBC}") = "Patient.Infrastructure", "Patient.Infrastructure\Patient.Infrastructure.csproj", "{F053197E-B231-49DF-AD0B-F49C4B76E2A8}"
EndProject
Global
	GlobalSection(SolutionConfigurationPlatforms) = preSolution
		Debug|Any CPU = Debug|Any CPU
		Release|Any CPU = Release|Any CPU
	EndGlobalSection
	GlobalSection(ProjectConfigurationPlatforms) = postSolution
		{545C468F-1F7D-496F-A82D-B4E5575707E0}.Debug|Any CPU.ActiveCfg = Debug|Any CPU
		{545C468F-1F7D-496F-A82D-B4E5575707E0}.Debug|Any CPU.Build.0 = Debug|Any CPU
		{545C468F-1F7D-496F-A82D-B4E5575707E0}.Release|Any CPU.ActiveCfg = Release|Any CPU
		{545C468F-1F7D-496F-A82D-B4E5575707E0}.Release|Any CPU.Build.0 = Release|Any CPU
		{015EFC26-3774-42B4-9F9C-B92D503EB378}.Debug|Any CPU.ActiveCfg = Debug|Any CPU
		{015EFC26-3774-42B4-9F9C-B92D503EB378}.Debug|Any CPU.Build.0 = Debug|Any CPU
		{015EFC26-3774-42B4-9F9C-B92D503EB378}.Release|Any CPU.ActiveCfg = Release|Any CPU
		{015EFC26-3774-42B4-9F9C-B92D503EB378}.Release|Any CPU.Build.0 = Release|Any CPU
		{C034621B-F962-4ED8-91A9-22A521B23CF8}.Debug|Any CPU.ActiveCfg = Debug|Any CPU
		{C034621B-F962-4ED8-91A9-22A521B23CF8}.Debug|Any CPU.Build.0 = Debug|Any CPU
		{C034621B-F962-4ED8-91A9-22A521B23CF8}.Release|Any CPU.ActiveCfg = Release|Any CPU
		{C034621B-F962-4ED8-91A9-22A521B23CF8}.Release|Any CPU.Build.0 = Release|Any CPU
		{AF3832CD-A698-4795-AC3A-7280EEBD7E96}.Debug|Any CPU.ActiveCfg = Debug|Any CPU
		{AF3832CD-A698-4795-AC3A-7280EEBD7E96}.Debug|Any CPU.Build.0 = Debug|Any CPU
		{AF3832CD-A698-4795-AC3A-7280EEBD7E96}.Release|Any CPU.ActiveCfg = Release|Any CPU
		{AF3832CD-A698-4795-AC3A-7280EEBD7E96}.Release|Any CPU.Build.0 = Release|Any CPU
		{304307B5-C09F-461E-B7AA-069F7AD46AC7}.Debug|Any CPU.ActiveCfg = Debug|Any CPU
		{304307B5-C09F-461E-B7AA-069F7AD46AC7}.Debug|Any CPU.Build.0 = Debug|Any CPU
		{304307B5-C09F-461E-B7AA-069F7AD46AC7}.Release|Any CPU.ActiveCfg = Release|Any CPU
		{304307B5-C09F-461E-B7AA-069F7AD46AC7}.Release|Any CPU.Build.0 = Release|Any CPU
		{F053197E-B231-49DF-AD0B-F49C4B76E2A8}.Debug|Any CPU.ActiveCfg = Debug|Any CPU
		{F053197E-B231-49DF-AD0B-F49C4B76E2A8}.Debug|Any CPU.Build.0 = Debug|Any CPU
		{F053197E-B231-49DF-AD0B-F49C4B76E2A8}.Release|Any CPU.ActiveCfg = Release|Any CPU
		{F053197E-B231-49DF-AD0B-F49C4B76E2A8}.Release|Any CPU.Build.0 = Release|Any CPU
	EndGlobalSection
	GlobalSection(SolutionProperties) = preSolution
		HideSolutionNode = FALSE
	EndGlobalSection
	GlobalSection(NestedProjects) = preSolution
		{545C468F-1F7D-496F-A82D-B4E5575707E0} = {333D7E8E-646E-43B9-8599-6C1DF3D762A2}
		{015EFC26-3774-42B4-9F9C-B92D503EB378} = {115D7BE7-7ADF-4298-AC2F-C3A6BF2852C2}
		{C034621B-F962-4ED8-91A9-22A521B23CF8} = {3CFB2547-8802-4164-BA4A-76238F534C91}
		{115D7BE7-7ADF-4298-AC2F-C3A6BF2852C2} = {D2E3E1CD-EA0C-4054-8446-2489700A870F}
		{A3BF39A0-2FB2-4158-9F96-239BF2E2E624} = {D2E3E1CD-EA0C-4054-8446-2489700A870F}
		{0D7C9B55-F8D9-4B7E-9A65-58F6870DA4A7} = {D2E3E1CD-EA0C-4054-8446-2489700A870F}
		{333D7E8E-646E-43B9-8599-6C1DF3D762A2} = {0D7C9B55-F8D9-4B7E-9A65-58F6870DA4A7}
		{3CFB2547-8802-4164-BA4A-76238F534C91} = {0D7C9B55-F8D9-4B7E-9A65-58F6870DA4A7}
		{AF3832CD-A698-4795-AC3A-7280EEBD7E96} = {333D7E8E-646E-43B9-8599-6C1DF3D762A2}
		{304307B5-C09F-461E-B7AA-069F7AD46AC7} = {333D7E8E-646E-43B9-8599-6C1DF3D762A2}
		{F053197E-B231-49DF-AD0B-F49C4B76E2A8} = {333D7E8E-646E-43B9-8599-6C1DF3D762A2}
	EndGlobalSection
	GlobalSection(ExtensibilityGlobals) = postSolution
		SolutionGuid = {8248D64D-99DE-4D19-91AB-4B3DDCABED60}
	EndGlobalSection
EndGlobal
